version = 1
requires-python = ">=3.12"

[[package]]
name = "babel"
version = "2.16.0"
source = { registry = "https://pypi.org/simple" }
sdist = { url = "https://files.pythonhosted.org/packages/2a/74/f1bc80f23eeba13393b7222b11d95ca3af2c1e28edca18af487137eefed9/babel-2.16.0.tar.gz", hash = "sha256:d1f3554ca26605fe173f3de0c65f750f5a42f924499bf134de6423582298e316", size = 9348104 }
wheels = [
    { url = "https://files.pythonhosted.org/packages/ed/20/bc79bc575ba2e2a7f70e8a1155618bb1301eaa5132a8271373a6903f73f8/babel-2.16.0-py3-none-any.whl", hash = "sha256:368b5b98b37c06b7daf6696391c3240c938b37767d4584413e8438c5c435fa8b", size = 9587599 },
]

[[package]]
name = "pymupdf"
version = "1.24.12"
source = { registry = "https://pypi.org/simple" }
sdist = { url = "https://files.pythonhosted.org/packages/cf/cc/073855527996078f4f42d6022f00fdb050127715aaa585b32eaf470ae698/PyMuPDF-1.24.12.tar.gz", hash = "sha256:ba6d212d7a286b6fab9024c669aa314edfcbdd5b45fa6f5ea5d463a9e7576e52", size = 52934099 }
wheels = [
    { url = "https://files.pythonhosted.org/packages/08/b5/fc669d9b98f8e25ef77484c595a67901e97a0888af26133e769552bbd4c5/PyMuPDF-1.24.12-cp39-abi3-macosx_10_9_x86_64.whl", hash = "sha256:2228a46edc53bf8f83cbe5a8cf0a83bb8cf406614e6976906d3655355e079ec5", size = 18893466 },
    { url = "https://files.pythonhosted.org/packages/f9/f8/06046824f3bc45ebeebc0add62bc50e04cc6cf29b533d105941794bd59e9/PyMuPDF-1.24.12-cp39-abi3-macosx_11_0_arm64.whl", hash = "sha256:deac1546a80afc0930ffefb9714ff8aec54210ed2b1d8ecdd44e4c2b9e0ee839", size = 18152895 },
    { url = "https://files.pythonhosted.org/packages/5d/e5/ba0adaf6d4b820c40c6b0067127f06be59619b17302b4f76c636db803bfd/PyMuPDF-1.24.12-cp39-abi3-manylinux2014_aarch64.manylinux_2_17_aarch64.whl", hash = "sha256:d4a387a0e98a63b1ccc326032ffe7d3982d3d92495b661ca89ea634048e11f4e", size = 19030660 },
    { url = "https://files.pythonhosted.org/packages/d4/bb/85711eac0dbb45b5dcd77e77386564dc3da845f72f759d491ac12b7f8177/PyMuPDF-1.24.12-cp39-abi3-manylinux2014_x86_64.manylinux_2_17_x86_64.whl", hash = "sha256:dd8e8a24601c4483ed8a3699922fe48ad0179d28121816a131ba8c4534ad5682", size = 19558562 },
    { url = "https://files.pythonhosted.org/packages/cb/c5/e90f5cfd61fe8c9419bcd4be0b6a1b8fb00d7d21810514c1f85f1cc41011/PyMuPDF-1.24.12-cp39-abi3-musllinux_1_2_x86_64.whl", hash = "sha256:f021d5060f946662345d62564fb06c4289d8522d4a249543e26de5f9ff3c9d06", size = 20688441 },
    { url = "https://files.pythonhosted.org/packages/40/74/faa38b31d6ce43298e435b55a4b354f89aea620d042176e1579927f050c8/PyMuPDF-1.24.12-cp39-abi3-win32.whl", hash = "sha256:2d099328fefdf0ee53a4146db9b05aab120b6e4d68cc4510c07a706fed19625a", size = 14687078 },
    { url = "https://files.pythonhosted.org/packages/4f/5b/b59a5036832340fd7892d05843c23a2e30e0ae173aea82b1585cc6d5d78c/PyMuPDF-1.24.12-cp39-abi3-win_amd64.whl", hash = "sha256:9017bb5c05e3480c1f5a15671be9208363e0a31307445480ac5a810672f7342e", size = 15986056 },
]

[[package]]
name = "rift-pdf-bill-marker"
version = "0.1.0"
source = { virtual = "." }
dependencies = [
    { name = "pymupdf" },
    { name = "tk" },
    { name = "tkcalendar" },
]

[package.metadata]
requires-dist = [
    { name = "pymupdf", specifier = ">=1.24.12" },
    { name = "tk", specifier = ">=0.1.0" },
    { name = "tkcalendar", specifier = ">=1.6.1" },
]

[[package]]
name = "tk"
version = "0.1.0"
source = { registry = "https://pypi.org/simple" }
sdist = { url = "https://files.pythonhosted.org/packages/a0/81/742b342fd642e672fbedecde725ba44db44e800dc4c936216c3c6729885a/tk-0.1.0.tar.gz", hash = "sha256:60bc8923d5d35f67f5c6bd93d4f0c49d2048114ec077768f959aef36d4ed97f8", size = 2247 }
wheels = [
    { url = "https://files.pythonhosted.org/packages/1e/0b/029cbdb868bb555fed99bf6540fff072d500b3f895873709f25084e85e33/tk-0.1.0-py3-none-any.whl", hash = "sha256:703a69ff0d5ba2bd2f7440582ad10160e4a6561595d33457dc6caa79b9bf4930", size = 3879 },
]

[[package]]
name = "tkcalendar"
version = "1.6.1"
source = { registry = "https://pypi.org/simple" }
dependencies = [
    { name = "babel" },
]
sdist = { url = "https://files.pythonhosted.org/packages/65/3d/3406cf7963661ed890082bff17ed4c5e26b5a564306639303d4fbb2a047f/tkcalendar-1.6.1.tar.gz", hash = "sha256:5edf958c0a59429e90309e9b805b2e229192bbcab952460247204d7030eea5cf", size = 32916 }
wheels = [
    { url = "https://files.pythonhosted.org/packages/e9/d4/9528ea6ecb5d4394f425df651957da6f6a715b41c5b12d43d41888c14394/tkcalendar-1.6.1-py3-none-any.whl", hash = "sha256:9d3a80816a7b32d64fab696fa3d2a007fb23c87953267d5e343a38ff4cd7c15c", size = 40912 },
]
